// !$*UTF8*$!
{
	archiveVersion = 1;
	classes = {
	};
	objectVersion = 52;
	objects = {

/* Begin PBXBuildFile section */
		889CDDF825DC811C000A5EC8 /* AppDelegate.swift in Sources */ = {isa = PBXBuildFile; fileRef = 889CDDF725DC811C000A5EC8 /* AppDelegate.swift */; };
		889CDDFA25DC811C000A5EC8 /* SceneDelegate.swift in Sources */ = {isa = PBXBuildFile; fileRef = 889CDDF925DC811C000A5EC8 /* SceneDelegate.swift */; };
		889CDDFC25DC811C000A5EC8 /* HomeViewController.swift in Sources */ = {isa = PBXBuildFile; fileRef = 889CDDFB25DC811C000A5EC8 /* HomeViewController.swift */; };
		889CDDFF25DC811C000A5EC8 /* Main.storyboard in Resources */ = {isa = PBXBuildFile; fileRef = 889CDDFD25DC811C000A5EC8 /* Main.storyboard */; };
		889CDE0425DC811F000A5EC8 /* Assets.xcassets in Resources */ = {isa = PBXBuildFile; fileRef = 889CDE0325DC811F000A5EC8 /* Assets.xcassets */; };
		889CDE0725DC811F000A5EC8 /* LaunchScreen.storyboard in Resources */ = {isa = PBXBuildFile; fileRef = 889CDE0525DC811F000A5EC8 /* LaunchScreen.storyboard */; };
		889CDE1725DC816B000A5EC8 /* DefaultAuthManager.swift in Sources */ = {isa = PBXBuildFile; fileRef = 889CDE1625DC816B000A5EC8 /* DefaultAuthManager.swift */; };
		889CDE1F25DC82FF000A5EC8 /* Keychain.swift in Sources */ = {isa = PBXBuildFile; fileRef = 889CDE1E25DC82FF000A5EC8 /* Keychain.swift */; };
		889CDE2225DC8430000A5EC8 /* AuthorizationViewController.swift in Sources */ = {isa = PBXBuildFile; fileRef = 889CDE2125DC8430000A5EC8 /* AuthorizationViewController.swift */; };
		889CDE2A25DC8513000A5EC8 /* AuthManager.swift in Sources */ = {isa = PBXBuildFile; fileRef = 889CDE2925DC8513000A5EC8 /* AuthManager.swift */; };
		889CDE2E25DC8572000A5EC8 /* Instantiatable.swift in Sources */ = {isa = PBXBuildFile; fileRef = 889CDE2D25DC8572000A5EC8 /* Instantiatable.swift */; };
		889CDE3425DD1C12000A5EC8 /* NetworkManager.swift in Sources */ = {isa = PBXBuildFile; fileRef = 889CDE3325DD1C12000A5EC8 /* NetworkManager.swift */; };
		889CDE3825DD1C78000A5EC8 /* DefaultNetworkManager.swift in Sources */ = {isa = PBXBuildFile; fileRef = 889CDE3725DD1C78000A5EC8 /* DefaultNetworkManager.swift */; };
		889CDE3D25DD1D34000A5EC8 /* URLProvider.swift in Sources */ = {isa = PBXBuildFile; fileRef = 889CDE3C25DD1D34000A5EC8 /* URLProvider.swift */; };
		889CDE4225DD1F78000A5EC8 /* KeychainAccess in Frameworks */ = {isa = PBXBuildFile; productRef = 889CDE4125DD1F78000A5EC8 /* KeychainAccess */; };
		889CDE4625DD201C000A5EC8 /* Helpers.swift in Sources */ = {isa = PBXBuildFile; fileRef = 889CDE4525DD201C000A5EC8 /* Helpers.swift */; };
		889CDE4F25DD2CCE000A5EC8 /* Credentials.swift in Sources */ = {isa = PBXBuildFile; fileRef = 889CDE4E25DD2CCE000A5EC8 /* Credentials.swift */; };
		889CDE5525DD2FC9000A5EC8 /* JWTDecode in Frameworks */ = {isa = PBXBuildFile; productRef = 889CDE5425DD2FC9000A5EC8 /* JWTDecode */; };
		88BDE75925DD509A007A2FD5 /* ContextProvidingViewController.swift in Sources */ = {isa = PBXBuildFile; fileRef = 88BDE75825DD509A007A2FD5 /* ContextProvidingViewController.swift */; };
		88BDE76025DD521A007A2FD5 /* CoreDataStack.swift in Sources */ = {isa = PBXBuildFile; fileRef = 88BDE75F25DD521A007A2FD5 /* CoreDataStack.swift */; };
		88BDE76525DD533A007A2FD5 /* Image.swift in Sources */ = {isa = PBXBuildFile; fileRef = 88BDE76325DD533A007A2FD5 /* Image.swift */; };
		88BDE77425DD55A6007A2FD5 /* UITableViewFetchedResultsControllable.swift in Sources */ = {isa = PBXBuildFile; fileRef = 88BDE77325DD55A6007A2FD5 /* UITableViewFetchedResultsControllable.swift */; };
		88BDE77825DD55E5007A2FD5 /* ImagesFRC.swift in Sources */ = {isa = PBXBuildFile; fileRef = 88BDE77725DD55E5007A2FD5 /* ImagesFRC.swift */; };
		88E8D91A25DE87AB00FACF90 /* UICollectionViewFetchedResultsControllable.swift in Sources */ = {isa = PBXBuildFile; fileRef = 88E8D91925DE87AB00FACF90 /* UICollectionViewFetchedResultsControllable.swift */; };
		88E8D91E25DE889200FACF90 /* ImagesDataSource.swift in Sources */ = {isa = PBXBuildFile; fileRef = 88E8D91D25DE889200FACF90 /* ImagesDataSource.swift */; };
		88E8D92225DE8A2D00FACF90 /* UIResponder.swift in Sources */ = {isa = PBXBuildFile; fileRef = 88E8D92125DE8A2D00FACF90 /* UIResponder.swift */; };
		88E8D92725DE8AC600FACF90 /* ImageCollectionViewCell.swift in Sources */ = {isa = PBXBuildFile; fileRef = 88E8D92625DE8AC600FACF90 /* ImageCollectionViewCell.swift */; };
		88E8D92B25DE8ADC00FACF90 /* ImageCollectionViewCell.xib in Resources */ = {isa = PBXBuildFile; fileRef = 88E8D92A25DE8ADC00FACF90 /* ImageCollectionViewCell.xib */; };
		88E8D93025DEC69E00FACF90 /* Image+CoreDataProperties.swift in Sources */ = {isa = PBXBuildFile; fileRef = 88E8D92E25DEC69E00FACF90 /* Image+CoreDataProperties.swift */; };
		88E8D93725DEC7BC00FACF90 /* ImagesRepository.swift in Sources */ = {isa = PBXBuildFile; fileRef = 88E8D93625DEC7BC00FACF90 /* ImagesRepository.swift */; };
/* End PBXBuildFile section */

/* Begin PBXFileReference section */
		889CDDF425DC811C000A5EC8 /* Parimatch Homework 6.app */ = {isa = PBXFileReference; explicitFileType = wrapper.application; includeInIndex = 0; path = "Parimatch Homework 6.app"; sourceTree = BUILT_PRODUCTS_DIR; };
		889CDDF725DC811C000A5EC8 /* AppDelegate.swift */ = {isa = PBXFileReference; lastKnownFileType = sourcecode.swift; path = AppDelegate.swift; sourceTree = "<group>"; };
		889CDDF925DC811C000A5EC8 /* SceneDelegate.swift */ = {isa = PBXFileReference; lastKnownFileType = sourcecode.swift; path = SceneDelegate.swift; sourceTree = "<group>"; };
		889CDDFB25DC811C000A5EC8 /* HomeViewController.swift */ = {isa = PBXFileReference; lastKnownFileType = sourcecode.swift; path = HomeViewController.swift; sourceTree = "<group>"; };
		889CDDFE25DC811C000A5EC8 /* Base */ = {isa = PBXFileReference; lastKnownFileType = file.storyboard; name = Base; path = Base.lproj/Main.storyboard; sourceTree = "<group>"; };
		889CDE0125DC811C000A5EC8 /* Parimatch_Homework_6.xcdatamodel */ = {isa = PBXFileReference; lastKnownFileType = wrapper.xcdatamodel; path = Parimatch_Homework_6.xcdatamodel; sourceTree = "<group>"; };
		889CDE0325DC811F000A5EC8 /* Assets.xcassets */ = {isa = PBXFileReference; lastKnownFileType = folder.assetcatalog; path = Assets.xcassets; sourceTree = "<group>"; };
		889CDE0625DC811F000A5EC8 /* Base */ = {isa = PBXFileReference; lastKnownFileType = file.storyboard; name = Base; path = Base.lproj/LaunchScreen.storyboard; sourceTree = "<group>"; };
		889CDE0825DC811F000A5EC8 /* Info.plist */ = {isa = PBXFileReference; lastKnownFileType = text.plist.xml; path = Info.plist; sourceTree = "<group>"; };
		889CDE1625DC816B000A5EC8 /* DefaultAuthManager.swift */ = {isa = PBXFileReference; lastKnownFileType = sourcecode.swift; path = DefaultAuthManager.swift; sourceTree = "<group>"; };
		889CDE1E25DC82FF000A5EC8 /* Keychain.swift */ = {isa = PBXFileReference; lastKnownFileType = sourcecode.swift; path = Keychain.swift; sourceTree = "<group>"; };
		889CDE2125DC8430000A5EC8 /* AuthorizationViewController.swift */ = {isa = PBXFileReference; lastKnownFileType = sourcecode.swift; path = AuthorizationViewController.swift; sourceTree = "<group>"; };
		889CDE2925DC8513000A5EC8 /* AuthManager.swift */ = {isa = PBXFileReference; lastKnownFileType = sourcecode.swift; path = AuthManager.swift; sourceTree = "<group>"; };
		889CDE2D25DC8572000A5EC8 /* Instantiatable.swift */ = {isa = PBXFileReference; lastKnownFileType = sourcecode.swift; path = Instantiatable.swift; sourceTree = "<group>"; };
		889CDE3325DD1C12000A5EC8 /* NetworkManager.swift */ = {isa = PBXFileReference; lastKnownFileType = sourcecode.swift; path = NetworkManager.swift; sourceTree = "<group>"; };
		889CDE3725DD1C78000A5EC8 /* DefaultNetworkManager.swift */ = {isa = PBXFileReference; lastKnownFileType = sourcecode.swift; path = DefaultNetworkManager.swift; sourceTree = "<group>"; };
		889CDE3C25DD1D34000A5EC8 /* URLProvider.swift */ = {isa = PBXFileReference; lastKnownFileType = sourcecode.swift; path = URLProvider.swift; sourceTree = "<group>"; };
		889CDE4525DD201C000A5EC8 /* Helpers.swift */ = {isa = PBXFileReference; lastKnownFileType = sourcecode.swift; path = Helpers.swift; sourceTree = "<group>"; };
		889CDE4E25DD2CCE000A5EC8 /* Credentials.swift */ = {isa = PBXFileReference; lastKnownFileType = sourcecode.swift; path = Credentials.swift; sourceTree = "<group>"; };
		88BDE75825DD509A007A2FD5 /* ContextProvidingViewController.swift */ = {isa = PBXFileReference; lastKnownFileType = sourcecode.swift; path = ContextProvidingViewController.swift; sourceTree = "<group>"; };
		88BDE75F25DD521A007A2FD5 /* CoreDataStack.swift */ = {isa = PBXFileReference; lastKnownFileType = sourcecode.swift; path = CoreDataStack.swift; sourceTree = "<group>"; };
		88BDE76325DD533A007A2FD5 /* Image.swift */ = {isa = PBXFileReference; lastKnownFileType = sourcecode.swift; path = Image.swift; sourceTree = "<group>"; };
		88BDE77325DD55A6007A2FD5 /* UITableViewFetchedResultsControllable.swift */ = {isa = PBXFileReference; lastKnownFileType = sourcecode.swift; path = UITableViewFetchedResultsControllable.swift; sourceTree = "<group>"; };
		88BDE77725DD55E5007A2FD5 /* ImagesFRC.swift */ = {isa = PBXFileReference; lastKnownFileType = sourcecode.swift; path = ImagesFRC.swift; sourceTree = "<group>"; };
		88E8D91925DE87AB00FACF90 /* UICollectionViewFetchedResultsControllable.swift */ = {isa = PBXFileReference; lastKnownFileType = sourcecode.swift; path = UICollectionViewFetchedResultsControllable.swift; sourceTree = "<group>"; };
		88E8D91D25DE889200FACF90 /* ImagesDataSource.swift */ = {isa = PBXFileReference; lastKnownFileType = sourcecode.swift; path = ImagesDataSource.swift; sourceTree = "<group>"; };
		88E8D92125DE8A2D00FACF90 /* UIResponder.swift */ = {isa = PBXFileReference; lastKnownFileType = sourcecode.swift; path = UIResponder.swift; sourceTree = "<group>"; };
		88E8D92625DE8AC600FACF90 /* ImageCollectionViewCell.swift */ = {isa = PBXFileReference; lastKnownFileType = sourcecode.swift; path = ImageCollectionViewCell.swift; sourceTree = "<group>"; };
		88E8D92A25DE8ADC00FACF90 /* ImageCollectionViewCell.xib */ = {isa = PBXFileReference; lastKnownFileType = file.xib; path = ImageCollectionViewCell.xib; sourceTree = "<group>"; };
		88E8D92E25DEC69E00FACF90 /* Image+CoreDataProperties.swift */ = {isa = PBXFileReference; lastKnownFileType = sourcecode.swift; path = "Image+CoreDataProperties.swift"; sourceTree = "<group>"; };
		88E8D93625DEC7BC00FACF90 /* ImagesRepository.swift */ = {isa = PBXFileReference; lastKnownFileType = sourcecode.swift; path = ImagesRepository.swift; sourceTree = "<group>"; };
/* End PBXFileReference section */

/* Begin PBXFrameworksBuildPhase section */
		889CDDF125DC811C000A5EC8 /* Frameworks */ = {
			isa = PBXFrameworksBuildPhase;
			buildActionMask = 2147483647;
			files = (
				889CDE5525DD2FC9000A5EC8 /* JWTDecode in Frameworks */,
				889CDE4225DD1F78000A5EC8 /* KeychainAccess in Frameworks */,
			);
			runOnlyForDeploymentPostprocessing = 0;
		};
/* End PBXFrameworksBuildPhase section */

/* Begin PBXGroup section */
		889CDDEB25DC811C000A5EC8 = {
			isa = PBXGroup;
			children = (
				889CDDF625DC811C000A5EC8 /* Parimatch Homework 6 */,
				889CDDF525DC811C000A5EC8 /* Products */,
			);
			sourceTree = "<group>";
		};
		889CDDF525DC811C000A5EC8 /* Products */ = {
			isa = PBXGroup;
			children = (
				889CDDF425DC811C000A5EC8 /* Parimatch Homework 6.app */,
			);
			name = Products;
			sourceTree = "<group>";
		};
		889CDDF625DC811C000A5EC8 /* Parimatch Homework 6 */ = {
			isa = PBXGroup;
			children = (
				889CDE1325DC813C000A5EC8 /* Application */,
				889CDE1225DC8134000A5EC8 /* Extension */,
				889CDE2625DC84BF000A5EC8 /* Protocols */,
				889CDE0F25DC8129000A5EC8 /* Model */,
				889CDE1125DC812E000A5EC8 /* Controller */,
				88E8D92425DE8A9400FACF90 /* View */,
				889CDE4425DD2004000A5EC8 /* Helpers */,
				889CDDFD25DC811C000A5EC8 /* Main.storyboard */,
				889CDE0325DC811F000A5EC8 /* Assets.xcassets */,
				889CDE0525DC811F000A5EC8 /* LaunchScreen.storyboard */,
				889CDE0825DC811F000A5EC8 /* Info.plist */,
			);
			path = "Parimatch Homework 6";
			sourceTree = "<group>";
		};
		889CDE0F25DC8129000A5EC8 /* Model */ = {
			isa = PBXGroup;
			children = (
				88E8D93525DEC7A600FACF90 /* ImagesRepository */,
				88BDE75E25DD520C007A2FD5 /* CoreData */,
				889CDE3B25DD1D2A000A5EC8 /* URLProvider */,
				889CDE3625DD1C6A000A5EC8 /* NetworkManager */,
				889CDE1525DC815E000A5EC8 /* Authorization */,
			);
			path = Model;
			sourceTree = "<group>";
		};
		889CDE1125DC812E000A5EC8 /* Controller */ = {
			isa = PBXGroup;
			children = (
				88E8D91825DE879600FACF90 /* Authorization */,
				88BDE77625DD55D7007A2FD5 /* Home */,
				88BDE77325DD55A6007A2FD5 /* UITableViewFetchedResultsControllable.swift */,
				88E8D91925DE87AB00FACF90 /* UICollectionViewFetchedResultsControllable.swift */,
			);
			path = Controller;
			sourceTree = "<group>";
		};
		889CDE1225DC8134000A5EC8 /* Extension */ = {
			isa = PBXGroup;
			children = (
				889CDE1E25DC82FF000A5EC8 /* Keychain.swift */,
				88E8D92125DE8A2D00FACF90 /* UIResponder.swift */,
			);
			path = Extension;
			sourceTree = "<group>";
		};
		889CDE1325DC813C000A5EC8 /* Application */ = {
			isa = PBXGroup;
			children = (
				889CDDF725DC811C000A5EC8 /* AppDelegate.swift */,
				889CDDF925DC811C000A5EC8 /* SceneDelegate.swift */,
			);
			path = Application;
			sourceTree = "<group>";
		};
		889CDE1525DC815E000A5EC8 /* Authorization */ = {
			isa = PBXGroup;
			children = (
				889CDE1625DC816B000A5EC8 /* DefaultAuthManager.swift */,
				889CDE4E25DD2CCE000A5EC8 /* Credentials.swift */,
			);
			path = Authorization;
			sourceTree = "<group>";
		};
		889CDE2625DC84BF000A5EC8 /* Protocols */ = {
			isa = PBXGroup;
			children = (
				889CDE2925DC8513000A5EC8 /* AuthManager.swift */,
				889CDE2D25DC8572000A5EC8 /* Instantiatable.swift */,
				889CDE3325DD1C12000A5EC8 /* NetworkManager.swift */,
				88BDE75825DD509A007A2FD5 /* ContextProvidingViewController.swift */,
			);
			path = Protocols;
			sourceTree = "<group>";
		};
		889CDE3625DD1C6A000A5EC8 /* NetworkManager */ = {
			isa = PBXGroup;
			children = (
				889CDE3725DD1C78000A5EC8 /* DefaultNetworkManager.swift */,
			);
			path = NetworkManager;
			sourceTree = "<group>";
		};
		889CDE3B25DD1D2A000A5EC8 /* URLProvider */ = {
			isa = PBXGroup;
			children = (
				889CDE3C25DD1D34000A5EC8 /* URLProvider.swift */,
			);
			path = URLProvider;
			sourceTree = "<group>";
		};
		889CDE4425DD2004000A5EC8 /* Helpers */ = {
			isa = PBXGroup;
			children = (
				889CDE4525DD201C000A5EC8 /* Helpers.swift */,
			);
			path = Helpers;
			sourceTree = "<group>";
		};
		88BDE75E25DD520C007A2FD5 /* CoreData */ = {
			isa = PBXGroup;
			children = (
				889CDE0025DC811C000A5EC8 /* Parimatch_Homework_6.xcdatamodeld */,
				88BDE75F25DD521A007A2FD5 /* CoreDataStack.swift */,
				88BDE76F25DD53B2007A2FD5 /* Generated */,
			);
			path = CoreData;
			sourceTree = "<group>";
		};
		88BDE76C25DD5352007A2FD5 /* Implementations */ = {
			isa = PBXGroup;
			children = (
				88BDE76325DD533A007A2FD5 /* Image.swift */,
			);
			path = Implementations;
			sourceTree = "<group>";
		};
		88BDE76D25DD535A007A2FD5 /* Properties */ = {
			isa = PBXGroup;
			children = (
				88E8D92E25DEC69E00FACF90 /* Image+CoreDataProperties.swift */,
			);
			path = Properties;
			sourceTree = "<group>";
		};
		88BDE76F25DD53B2007A2FD5 /* Generated */ = {
			isa = PBXGroup;
			children = (
				88BDE76C25DD5352007A2FD5 /* Implementations */,
				88BDE76D25DD535A007A2FD5 /* Properties */,
			);
			path = Generated;
			sourceTree = "<group>";
		};
		88BDE77625DD55D7007A2FD5 /* Home */ = {
			isa = PBXGroup;
			children = (
				889CDDFB25DC811C000A5EC8 /* HomeViewController.swift */,
				88BDE77725DD55E5007A2FD5 /* ImagesFRC.swift */,
				88E8D91D25DE889200FACF90 /* ImagesDataSource.swift */,
			);
			path = Home;
			sourceTree = "<group>";
		};
		88E8D91825DE879600FACF90 /* Authorization */ = {
			isa = PBXGroup;
			children = (
				889CDE2125DC8430000A5EC8 /* AuthorizationViewController.swift */,
			);
			path = Authorization;
			sourceTree = "<group>";
		};
		88E8D92425DE8A9400FACF90 /* View */ = {
			isa = PBXGroup;
			children = (
				88E8D92525DE8AB600FACF90 /* ImageCollectionViewCell */,
			);
			path = View;
			sourceTree = "<group>";
		};
		88E8D92525DE8AB600FACF90 /* ImageCollectionViewCell */ = {
			isa = PBXGroup;
			children = (
				88E8D92625DE8AC600FACF90 /* ImageCollectionViewCell.swift */,
				88E8D92A25DE8ADC00FACF90 /* ImageCollectionViewCell.xib */,
			);
			path = ImageCollectionViewCell;
			sourceTree = "<group>";
		};
		88E8D93525DEC7A600FACF90 /* ImagesRepository */ = {
			isa = PBXGroup;
			children = (
				88E8D93625DEC7BC00FACF90 /* ImagesRepository.swift */,
			);
			path = ImagesRepository;
			sourceTree = "<group>";
		};
/* End PBXGroup section */

/* Begin PBXNativeTarget section */
		889CDDF325DC811C000A5EC8 /* Parimatch Homework 6 */ = {
			isa = PBXNativeTarget;
			buildConfigurationList = 889CDE0B25DC811F000A5EC8 /* Build configuration list for PBXNativeTarget "Parimatch Homework 6" */;
			buildPhases = (
				889CDDF025DC811C000A5EC8 /* Sources */,
				889CDDF125DC811C000A5EC8 /* Frameworks */,
				889CDDF225DC811C000A5EC8 /* Resources */,
				889CDE2425DC8461000A5EC8 /* ShellScript */,
			);
			buildRules = (
			);
			dependencies = (
			);
			name = "Parimatch Homework 6";
			packageProductDependencies = (
				889CDE4125DD1F78000A5EC8 /* KeychainAccess */,
				889CDE5425DD2FC9000A5EC8 /* JWTDecode */,
			);
			productName = "Parimatch Homework 6";
			productReference = 889CDDF425DC811C000A5EC8 /* Parimatch Homework 6.app */;
			productType = "com.apple.product-type.application";
		};
/* End PBXNativeTarget section */

/* Begin PBXProject section */
		889CDDEC25DC811C000A5EC8 /* Project object */ = {
			isa = PBXProject;
			attributes = {
				LastSwiftUpdateCheck = 1240;
				LastUpgradeCheck = 1240;
				TargetAttributes = {
					889CDDF325DC811C000A5EC8 = {
						CreatedOnToolsVersion = 12.4;
					};
				};
			};
			buildConfigurationList = 889CDDEF25DC811C000A5EC8 /* Build configuration list for PBXProject "Parimatch Homework 6" */;
			compatibilityVersion = "Xcode 9.3";
			developmentRegion = en;
			hasScannedForEncodings = 0;
			knownRegions = (
				en,
				Base,
			);
			mainGroup = 889CDDEB25DC811C000A5EC8;
			packageReferences = (
				889CDE4025DD1F78000A5EC8 /* XCRemoteSwiftPackageReference "KeychainAccess" */,
				889CDE5325DD2FC9000A5EC8 /* XCRemoteSwiftPackageReference "JWTDecode.swift" */,
			);
			productRefGroup = 889CDDF525DC811C000A5EC8 /* Products */;
			projectDirPath = "";
			projectRoot = "";
			targets = (
				889CDDF325DC811C000A5EC8 /* Parimatch Homework 6 */,
			);
		};
/* End PBXProject section */

/* Begin PBXResourcesBuildPhase section */
		889CDDF225DC811C000A5EC8 /* Resources */ = {
			isa = PBXResourcesBuildPhase;
			buildActionMask = 2147483647;
			files = (
				889CDE0725DC811F000A5EC8 /* LaunchScreen.storyboard in Resources */,
				889CDE0425DC811F000A5EC8 /* Assets.xcassets in Resources */,
				88E8D92B25DE8ADC00FACF90 /* ImageCollectionViewCell.xib in Resources */,
				889CDDFF25DC811C000A5EC8 /* Main.storyboard in Resources */,
			);
			runOnlyForDeploymentPostprocessing = 0;
		};
/* End PBXResourcesBuildPhase section */

/* Begin PBXShellScriptBuildPhase section */
		889CDE2425DC8461000A5EC8 /* ShellScript */ = {
			isa = PBXShellScriptBuildPhase;
			buildActionMask = 2147483647;
			files = (
			);
			inputFileListPaths = (
			);
			inputPaths = (
			);
			outputFileListPaths = (
			);
			outputPaths = (
			);
			runOnlyForDeploymentPostprocessing = 0;
			shellPath = /bin/sh;
			shellScript = "# Type a script or drag a script file from your workspace to insert its path.\nif which swiftlint >/dev/null; then\n  swiftlint\nelse\n  echo \"warning: SwiftLint not installed, download from https://github.com/realm/SwiftLint\"\nfi\n";
		};
/* End PBXShellScriptBuildPhase section */

/* Begin PBXSourcesBuildPhase section */
		889CDDF025DC811C000A5EC8 /* Sources */ = {
			isa = PBXSourcesBuildPhase;
			buildActionMask = 2147483647;
			files = (
				88BDE77825DD55E5007A2FD5 /* ImagesFRC.swift in Sources */,
				88E8D93025DEC69E00FACF90 /* Image+CoreDataProperties.swift in Sources */,
				889CDE2225DC8430000A5EC8 /* AuthorizationViewController.swift in Sources */,
				88E8D91E25DE889200FACF90 /* ImagesDataSource.swift in Sources */,
				889CDE2A25DC8513000A5EC8 /* AuthManager.swift in Sources */,
				889CDE3D25DD1D34000A5EC8 /* URLProvider.swift in Sources */,
				889CDE3425DD1C12000A5EC8 /* NetworkManager.swift in Sources */,
				889CDDFC25DC811C000A5EC8 /* HomeViewController.swift in Sources */,
				889CDDF825DC811C000A5EC8 /* AppDelegate.swift in Sources */,
				88E8D92225DE8A2D00FACF90 /* UIResponder.swift in Sources */,
				88BDE76525DD533A007A2FD5 /* Image.swift in Sources */,
				88BDE76025DD521A007A2FD5 /* CoreDataStack.swift in Sources */,
				889CDE4F25DD2CCE000A5EC8 /* Credentials.swift in Sources */,
				889CDE2E25DC8572000A5EC8 /* Instantiatable.swift in Sources */,
				88BDE75925DD509A007A2FD5 /* ContextProvidingViewController.swift in Sources */,
				889CDE1F25DC82FF000A5EC8 /* Keychain.swift in Sources */,
				88E8D92725DE8AC600FACF90 /* ImageCollectionViewCell.swift in Sources */,
				889CDDFA25DC811C000A5EC8 /* SceneDelegate.swift in Sources */,
				889CDE4625DD201C000A5EC8 /* Helpers.swift in Sources */,
				88BDE77425DD55A6007A2FD5 /* UITableViewFetchedResultsControllable.swift in Sources */,
				889CDE1725DC816B000A5EC8 /* DefaultAuthManager.swift in Sources */,
				88E8D91A25DE87AB00FACF90 /* UICollectionViewFetchedResultsControllable.swift in Sources */,
				889CDE3825DD1C78000A5EC8 /* DefaultNetworkManager.swift in Sources */,
				88E8D93725DEC7BC00FACF90 /* ImagesRepository.swift in Sources */,
			);
			runOnlyForDeploymentPostprocessing = 0;
		};
/* End PBXSourcesBuildPhase section */

/* Begin PBXVariantGroup section */
		889CDDFD25DC811C000A5EC8 /* Main.storyboard */ = {
			isa = PBXVariantGroup;
			children = (
				889CDDFE25DC811C000A5EC8 /* Base */,
			);
			name = Main.storyboard;
			sourceTree = "<group>";
		};
		889CDE0525DC811F000A5EC8 /* LaunchScreen.storyboard */ = {
			isa = PBXVariantGroup;
			children = (
				889CDE0625DC811F000A5EC8 /* Base */,
			);
			name = LaunchScreen.storyboard;
			sourceTree = "<group>";
		};
/* End PBXVariantGroup section */

/* Begin XCBuildConfiguration section */
		889CDE0925DC811F000A5EC8 /* Debug */ = {
			isa = XCBuildConfiguration;
			buildSettings = {
				ALWAYS_SEARCH_USER_PATHS = NO;
				CLANG_ANALYZER_NONNULL = YES;
				CLANG_ANALYZER_NUMBER_OBJECT_CONVERSION = YES_AGGRESSIVE;
				CLANG_CXX_LANGUAGE_STANDARD = "gnu++14";
				CLANG_CXX_LIBRARY = "libc++";
				CLANG_ENABLE_MODULES = YES;
				CLANG_ENABLE_OBJC_ARC = YES;
				CLANG_ENABLE_OBJC_WEAK = YES;
				CLANG_WARN_BLOCK_CAPTURE_AUTORELEASING = YES;
				CLANG_WARN_BOOL_CONVERSION = YES;
				CLANG_WARN_COMMA = YES;
				CLANG_WARN_CONSTANT_CONVERSION = YES;
				CLANG_WARN_DEPRECATED_OBJC_IMPLEMENTATIONS = YES;
				CLANG_WARN_DIRECT_OBJC_ISA_USAGE = YES_ERROR;
				CLANG_WARN_DOCUMENTATION_COMMENTS = YES;
				CLANG_WARN_EMPTY_BODY = YES;
				CLANG_WARN_ENUM_CONVERSION = YES;
				CLANG_WARN_INFINITE_RECURSION = YES;
				CLANG_WARN_INT_CONVERSION = YES;
				CLANG_WARN_NON_LITERAL_NULL_CONVERSION = YES;
				CLANG_WARN_OBJC_IMPLICIT_RETAIN_SELF = YES;
				CLANG_WARN_OBJC_LITERAL_CONVERSION = YES;
				CLANG_WARN_OBJC_ROOT_CLASS = YES_ERROR;
				CLANG_WARN_QUOTED_INCLUDE_IN_FRAMEWORK_HEADER = YES;
				CLANG_WARN_RANGE_LOOP_ANALYSIS = YES;
				CLANG_WARN_STRICT_PROTOTYPES = YES;
				CLANG_WARN_SUSPICIOUS_MOVE = YES;
				CLANG_WARN_UNGUARDED_AVAILABILITY = YES_AGGRESSIVE;
				CLANG_WARN_UNREACHABLE_CODE = YES;
				CLANG_WARN__DUPLICATE_METHOD_MATCH = YES;
				COPY_PHASE_STRIP = NO;
				DEBUG_INFORMATION_FORMAT = dwarf;
				ENABLE_STRICT_OBJC_MSGSEND = YES;
				ENABLE_TESTABILITY = YES;
				GCC_C_LANGUAGE_STANDARD = gnu11;
				GCC_DYNAMIC_NO_PIC = NO;
				GCC_NO_COMMON_BLOCKS = YES;
				GCC_OPTIMIZATION_LEVEL = 0;
				GCC_PREPROCESSOR_DEFINITIONS = (
					"DEBUG=1",
					"$(inherited)",
				);
				GCC_WARN_64_TO_32_BIT_CONVERSION = YES;
				GCC_WARN_ABOUT_RETURN_TYPE = YES_ERROR;
				GCC_WARN_UNDECLARED_SELECTOR = YES;
				GCC_WARN_UNINITIALIZED_AUTOS = YES_AGGRESSIVE;
				GCC_WARN_UNUSED_FUNCTION = YES;
				GCC_WARN_UNUSED_VARIABLE = YES;
				IPHONEOS_DEPLOYMENT_TARGET = 14.4;
				MTL_ENABLE_DEBUG_INFO = INCLUDE_SOURCE;
				MTL_FAST_MATH = YES;
				ONLY_ACTIVE_ARCH = YES;
				SDKROOT = iphoneos;
				SWIFT_ACTIVE_COMPILATION_CONDITIONS = DEBUG;
				SWIFT_OPTIMIZATION_LEVEL = "-Onone";
			};
			name = Debug;
		};
		889CDE0A25DC811F000A5EC8 /* Release */ = {
			isa = XCBuildConfiguration;
			buildSettings = {
				ALWAYS_SEARCH_USER_PATHS = NO;
				CLANG_ANALYZER_NONNULL = YES;
				CLANG_ANALYZER_NUMBER_OBJECT_CONVERSION = YES_AGGRESSIVE;
				CLANG_CXX_LANGUAGE_STANDARD = "gnu++14";
				CLANG_CXX_LIBRARY = "libc++";
				CLANG_ENABLE_MODULES = YES;
				CLANG_ENABLE_OBJC_ARC = YES;
				CLANG_ENABLE_OBJC_WEAK = YES;
				CLANG_WARN_BLOCK_CAPTURE_AUTORELEASING = YES;
				CLANG_WARN_BOOL_CONVERSION = YES;
				CLANG_WARN_COMMA = YES;
				CLANG_WARN_CONSTANT_CONVERSION = YES;
				CLANG_WARN_DEPRECATED_OBJC_IMPLEMENTATIONS = YES;
				CLANG_WARN_DIRECT_OBJC_ISA_USAGE = YES_ERROR;
				CLANG_WARN_DOCUMENTATION_COMMENTS = YES;
				CLANG_WARN_EMPTY_BODY = YES;
				CLANG_WARN_ENUM_CONVERSION = YES;
				CLANG_WARN_INFINITE_RECURSION = YES;
				CLANG_WARN_INT_CONVERSION = YES;
				CLANG_WARN_NON_LITERAL_NULL_CONVERSION = YES;
				CLANG_WARN_OBJC_IMPLICIT_RETAIN_SELF = YES;
				CLANG_WARN_OBJC_LITERAL_CONVERSION = YES;
				CLANG_WARN_OBJC_ROOT_CLASS = YES_ERROR;
				CLANG_WARN_QUOTED_INCLUDE_IN_FRAMEWORK_HEADER = YES;
				CLANG_WARN_RANGE_LOOP_ANALYSIS = YES;
				CLANG_WARN_STRICT_PROTOTYPES = YES;
				CLANG_WARN_SUSPICIOUS_MOVE = YES;
				CLANG_WARN_UNGUARDED_AVAILABILITY = YES_AGGRESSIVE;
				CLANG_WARN_UNREACHABLE_CODE = YES;
				CLANG_WARN__DUPLICATE_METHOD_MATCH = YES;
				COPY_PHASE_STRIP = NO;
				DEBUG_INFORMATION_FORMAT = "dwarf-with-dsym";
				ENABLE_NS_ASSERTIONS = NO;
				ENABLE_STRICT_OBJC_MSGSEND = YES;
				GCC_C_LANGUAGE_STANDARD = gnu11;
				GCC_NO_COMMON_BLOCKS = YES;
				GCC_WARN_64_TO_32_BIT_CONVERSION = YES;
				GCC_WARN_ABOUT_RETURN_TYPE = YES_ERROR;
				GCC_WARN_UNDECLARED_SELECTOR = YES;
				GCC_WARN_UNINITIALIZED_AUTOS = YES_AGGRESSIVE;
				GCC_WARN_UNUSED_FUNCTION = YES;
				GCC_WARN_UNUSED_VARIABLE = YES;
				IPHONEOS_DEPLOYMENT_TARGET = 14.4;
				MTL_ENABLE_DEBUG_INFO = NO;
				MTL_FAST_MATH = YES;
				SDKROOT = iphoneos;
				SWIFT_COMPILATION_MODE = wholemodule;
				SWIFT_OPTIMIZATION_LEVEL = "-O";
				VALIDATE_PRODUCT = YES;
			};
			name = Release;
		};
		889CDE0C25DC811F000A5EC8 /* Debug */ = {
			isa = XCBuildConfiguration;
			buildSettings = {
				ASSETCATALOG_COMPILER_APPICON_NAME = AppIcon;
				ASSETCATALOG_COMPILER_GLOBAL_ACCENT_COLOR_NAME = AccentColor;
				CODE_SIGN_STYLE = Automatic;
				DEVELOPMENT_TEAM = 87N7QPTHS6;
				INFOPLIST_FILE = "Parimatch Homework 6/Info.plist";
				LD_RUNPATH_SEARCH_PATHS = (
					"$(inherited)",
					"@executable_path/Frameworks",
				);
				PRODUCT_BUNDLE_IDENTIFIER = "com.beaxhem.Parimatch-Homework-6";
				PRODUCT_NAME = "$(TARGET_NAME)";
				SWIFT_VERSION = 5.0;
				TARGETED_DEVICE_FAMILY = "1,2";
			};
			name = Debug;
		};
		889CDE0D25DC811F000A5EC8 /* Release */ = {
			isa = XCBuildConfiguration;
			buildSettings = {
				ASSETCATALOG_COMPILER_APPICON_NAME = AppIcon;
				ASSETCATALOG_COMPILER_GLOBAL_ACCENT_COLOR_NAME = AccentColor;
				CODE_SIGN_STYLE = Automatic;
				DEVELOPMENT_TEAM = 87N7QPTHS6;
				INFOPLIST_FILE = "Parimatch Homework 6/Info.plist";
				LD_RUNPATH_SEARCH_PATHS = (
					"$(inherited)",
					"@executable_path/Frameworks",
				);
				PRODUCT_BUNDLE_IDENTIFIER = "com.beaxhem.Parimatch-Homework-6";
				PRODUCT_NAME = "$(TARGET_NAME)";
				SWIFT_VERSION = 5.0;
				TARGETED_DEVICE_FAMILY = "1,2";
			};
			name = Release;
		};
/* End XCBuildConfiguration section */

/* Begin XCConfigurationList section */
		889CDDEF25DC811C000A5EC8 /* Build configuration list for PBXProject "Parimatch Homework 6" */ = {
			isa = XCConfigurationList;
			buildConfigurations = (
				889CDE0925DC811F000A5EC8 /* Debug */,
				889CDE0A25DC811F000A5EC8 /* Release */,
			);
			defaultConfigurationIsVisible = 0;
			defaultConfigurationName = Release;
		};
		889CDE0B25DC811F000A5EC8 /* Build configuration list for PBXNativeTarget "Parimatch Homework 6" */ = {
			isa = XCConfigurationList;
			buildConfigurations = (
				889CDE0C25DC811F000A5EC8 /* Debug */,
				889CDE0D25DC811F000A5EC8 /* Release */,
			);
			defaultConfigurationIsVisible = 0;
			defaultConfigurationName = Release;
		};
/* End XCConfigurationList section */

/* Begin XCRemoteSwiftPackageReference section */
		889CDE4025DD1F78000A5EC8 /* XCRemoteSwiftPackageReference "KeychainAccess" */ = {
			isa = XCRemoteSwiftPackageReference;
			repositoryURL = "https://github.com/kishikawakatsumi/KeychainAccess.git";
			requirement = {
				kind = exactVersion;
				version = 4.2.1;
			};
		};
		889CDE5325DD2FC9000A5EC8 /* XCRemoteSwiftPackageReference "JWTDecode.swift" */ = {
			isa = XCRemoteSwiftPackageReference;
			repositoryURL = "https://github.com/auth0/JWTDecode.swift.git";
			requirement = {
				kind = upToNextMajorVersion;
				minimumVersion = 2.6.0;
			};
		};
/* End XCRemoteSwiftPackageReference section */

/* Begin XCSwiftPackageProductDependency section */
		889CDE4125DD1F78000A5EC8 /* KeychainAccess */ = {
			isa = XCSwiftPackageProductDependency;
			package = 889CDE4025DD1F78000A5EC8 /* XCRemoteSwiftPackageReference "KeychainAccess" */;
			productName = KeychainAccess;
		};
		889CDE5425DD2FC9000A5EC8 /* JWTDecode */ = {
			isa = XCSwiftPackageProductDependency;
			package = 889CDE5325DD2FC9000A5EC8 /* XCRemoteSwiftPackageReference "JWTDecode.swift" */;
			productName = JWTDecode;
		};
/* End XCSwiftPackageProductDependency section */

/* Begin XCVersionGroup section */
		889CDE0025DC811C000A5EC8 /* Parimatch_Homework_6.xcdatamodeld */ = {
			isa = XCVersionGroup;
			children = (
				889CDE0125DC811C000A5EC8 /* Parimatch_Homework_6.xcdatamodel */,
			);
			currentVersion = 889CDE0125DC811C000A5EC8 /* Parimatch_Homework_6.xcdatamodel */;
			path = Parimatch_Homework_6.xcdatamodeld;
			sourceTree = "<group>";
			versionGroupType = wrapper.xcdatamodel;
		};
/* End XCVersionGroup section */
	};
	rootObject = 889CDDEC25DC811C000A5EC8 /* Project object */;
}
